
Microsoft Visual Studio Solution File, Format Version 12.00
# Visual Studio 15
VisualStudioVersion = 15.0.27130.2027
MinimumVisualStudioVersion = 10.0.40219.1
Project("{9A19103F-16F7-4668-BE54-9A1E7A4F7556}") = "AopSdk.Core", "AopSdk.Core\AopSdk.Core.csproj", "{C9A5A43B-0078-4F70-B26D-EA33E44CE7E0}"
EndProject
Project("{9A19103F-16F7-4668-BE54-9A1E7A4F7556}") = "AopSdk.Core.ConsoleTest", "AopSdk.Core.ConsoleTest\AopSdk.Core.ConsoleTest.csproj", "{802CFE21-B84E-476C-88CC-AA6625A16334}"
EndProject
Project("{9A19103F-16F7-4668-BE54-9A1E7A4F7556}") = "AopSdk.Core.WebTest", "AopSdk.Core.WebTest\AopSdk.Core.WebTest.csproj", "{B577168C-0DD6-4B94-BC02-AE9DE66BAB0A}"
EndProject
Global
	GlobalSection(SolutionConfigurationPlatforms) = preSolution
		Debug|Any CPU = Debug|Any CPU
		Release|Any CPU = Release|Any CPU
	EndGlobalSection
	GlobalSection(ProjectConfigurationPlatforms) = postSolution
		{C9A5A43B-0078-4F70-B26D-EA33E44CE7E0}.Debug|Any CPU.ActiveCfg = Debug|Any CPU
		{C9A5A43B-0078-4F70-B26D-EA33E44CE7E0}.Debug|Any CPU.Build.0 = Debug|Any CPU
		{C9A5A43B-0078-4F70-B26D-EA33E44CE7E0}.Release|Any CPU.ActiveCfg = Release|Any CPU
		{C9A5A43B-0078-4F70-B26D-EA33E44CE7E0}.Release|Any CPU.Build.0 = Release|Any CPU
		{802CFE21-B84E-476C-88CC-AA6625A16334}.Debug|Any CPU.ActiveCfg = Debug|Any CPU
		{802CFE21-B84E-476C-88CC-AA6625A16334}.Debug|Any CPU.Build.0 = Debug|Any CPU
		{802CFE21-B84E-476C-88CC-AA6625A16334}.Release|Any CPU.ActiveCfg = Release|Any CPU
		{802CFE21-B84E-476C-88CC-AA6625A16334}.Release|Any CPU.Build.0 = Release|Any CPU
		{B577168C-0DD6-4B94-BC02-AE9DE66BAB0A}.Debug|Any CPU.ActiveCfg = Debug|Any CPU
		{B577168C-0DD6-4B94-BC02-AE9DE66BAB0A}.Debug|Any CPU.Build.0 = Debug|Any CPU
		{B577168C-0DD6-4B94-BC02-AE9DE66BAB0A}.Release|Any CPU.ActiveCfg = Release|Any CPU
		{B577168C-0DD6-4B94-BC02-AE9DE66BAB0A}.Release|Any CPU.Build.0 = Release|Any CPU
	EndGlobalSection
	GlobalSection(SolutionProperties) = preSolution
		HideSolutionNode = FALSE
	EndGlobalSection
	GlobalSection(ExtensibilityGlobals) = postSolution
		SolutionGuid = {8819583A-9993-4B7C-8BE1-7AA4F8E8B25B}
	EndGlobalSection
EndGlobal
